
Microsoft Visual Studio Solution File, Format Version 12.00
# Visual Studio Version 17
VisualStudioVersion = 17.10.35013.160
MinimumVisualStudioVersion = 10.0.40219.1
Project("{FAE04EC0-301F-11D3-BF4B-00C04F79EFBC}") = "Stego", "Stego\Stego.csproj", "{EBBBC3B2-01FF-419A-8BBD-14CEB46E8B91}"
EndProject
Global
	GlobalSection(SolutionConfigurationPlatforms) = preSolution
		Debug|Any CPU = Debug|Any CPU
		Release|Any CPU = Release|Any CPU
	EndGlobalSection
	GlobalSection(ProjectConfigurationPlatforms) = postSolution
		{EBBBC3B2-01FF-419A-8BBD-14CEB46E8B91}.Debug|Any CPU.ActiveCfg = Debug|Any CPU
		{EBBBC3B2-01FF-419A-8BBD-14CEB46E8B91}.Debug|Any CPU.Build.0 = Debug|Any CPU
		{EBBBC3B2-01FF-419A-8BBD-14CEB46E8B91}.Release|Any CPU.ActiveCfg = Release|Any CPU
		{EBBBC3B2-01FF-419A-8BBD-14CEB46E8B91}.Release|Any CPU.Build.0 = Release|Any CPU
	EndGlobalSection
	GlobalSection(SolutionProperties) = preSolution
		HideSolutionNode = FALSE
	EndGlobalSection
	GlobalSection(ExtensibilityGlobals) = postSolution
		SolutionGuid = {A811E945-C869-4746-8A17-641BCBD2FCD8}
	EndGlobalSection
EndGlobal
